
Microsoft Visual Studio Solution File, Format Version 12.00
# Visual Studio 2013
VisualStudioVersion = 12.0.40629.0
MinimumVisualStudioVersion = 10.0.40219.1
Project("{FAE04EC0-301F-11D3-BF4B-00C04F79EFBC}") = "OTAutomation", "OTAutomation\OTAutomation.csproj", "{91333C6F-7AF5-4C1F-95CE-44F7DEC2B4D5}"
EndProject
Project("{6141683F-8A12-4E36-9623-2EB02B2C2303}") = "FedExOTSetup", "FedExOTSetup\FedExOTSetup.isproj", "{500C9924-4A2B-4066-B43E-556264387497}"
	ProjectSection(ProjectDependencies) = postProject
		{91333C6F-7AF5-4C1F-95CE-44F7DEC2B4D5} = {91333C6F-7AF5-4C1F-95CE-44F7DEC2B4D5}
	EndProjectSection
EndProject
Global
	GlobalSection(SolutionConfigurationPlatforms) = preSolution
		CD_ROM|Any CPU = CD_ROM|Any CPU
		Debug|Any CPU = Debug|Any CPU
		DVD-5|Any CPU = DVD-5|Any CPU
		Release|Any CPU = Release|Any CPU
		SingleImage|Any CPU = SingleImage|Any CPU
	EndGlobalSection
	GlobalSection(ProjectConfigurationPlatforms) = postSolution
		{91333C6F-7AF5-4C1F-95CE-44F7DEC2B4D5}.CD_ROM|Any CPU.ActiveCfg = Release|Any CPU
		{91333C6F-7AF5-4C1F-95CE-44F7DEC2B4D5}.CD_ROM|Any CPU.Build.0 = Release|Any CPU
		{91333C6F-7AF5-4C1F-95CE-44F7DEC2B4D5}.Debug|Any CPU.ActiveCfg = Debug|Any CPU
		{91333C6F-7AF5-4C1F-95CE-44F7DEC2B4D5}.Debug|Any CPU.Build.0 = Debug|Any CPU
		{91333C6F-7AF5-4C1F-95CE-44F7DEC2B4D5}.DVD-5|Any CPU.ActiveCfg = Debug|Any CPU
		{91333C6F-7AF5-4C1F-95CE-44F7DEC2B4D5}.DVD-5|Any CPU.Build.0 = Debug|Any CPU
		{91333C6F-7AF5-4C1F-95CE-44F7DEC2B4D5}.Release|Any CPU.ActiveCfg = Release|Any CPU
		{91333C6F-7AF5-4C1F-95CE-44F7DEC2B4D5}.Release|Any CPU.Build.0 = Release|Any CPU
		{91333C6F-7AF5-4C1F-95CE-44F7DEC2B4D5}.SingleImage|Any CPU.ActiveCfg = Release|Any CPU
		{91333C6F-7AF5-4C1F-95CE-44F7DEC2B4D5}.SingleImage|Any CPU.Build.0 = Release|Any CPU
		{500C9924-4A2B-4066-B43E-556264387497}.CD_ROM|Any CPU.ActiveCfg = CD_ROM
		{500C9924-4A2B-4066-B43E-556264387497}.CD_ROM|Any CPU.Build.0 = CD_ROM
		{500C9924-4A2B-4066-B43E-556264387497}.Debug|Any CPU.ActiveCfg = SingleImage
		{500C9924-4A2B-4066-B43E-556264387497}.Debug|Any CPU.Build.0 = SingleImage
		{500C9924-4A2B-4066-B43E-556264387497}.DVD-5|Any CPU.ActiveCfg = DVD-5
		{500C9924-4A2B-4066-B43E-556264387497}.DVD-5|Any CPU.Build.0 = DVD-5
		{500C9924-4A2B-4066-B43E-556264387497}.Release|Any CPU.ActiveCfg = SingleImage
		{500C9924-4A2B-4066-B43E-556264387497}.Release|Any CPU.Build.0 = SingleImage
		{500C9924-4A2B-4066-B43E-556264387497}.SingleImage|Any CPU.ActiveCfg = SingleImage
		{500C9924-4A2B-4066-B43E-556264387497}.SingleImage|Any CPU.Build.0 = SingleImage
	EndGlobalSection
	GlobalSection(SolutionProperties) = preSolution
		HideSolutionNode = FALSE
	EndGlobalSection
EndGlobal
